
Microsoft Visual Studio Solution File, Format Version 12.00
# Visual Studio Version 16
VisualStudioVersion = 16.0.30128.74
MinimumVisualStudioVersion = 10.0.40219.1
Project("{9092AA53-FB77-4645-B42D-1CCCA6BD08BD}") = "ExpressApp2", "ExpressApp2\ExpressApp2.njsproj", "{1AD04973-C7EA-45CF-915C-BB986D63A51C}"
EndProject
Global
	GlobalSection(SolutionConfigurationPlatforms) = preSolution
		Debug|Any CPU = Debug|Any CPU
		Release|Any CPU = Release|Any CPU
	EndGlobalSection
	GlobalSection(ProjectConfigurationPlatforms) = postSolution
		{1AD04973-C7EA-45CF-915C-BB986D63A51C}.Debug|Any CPU.ActiveCfg = Debug|Any CPU
		{1AD04973-C7EA-45CF-915C-BB986D63A51C}.Debug|Any CPU.Build.0 = Debug|Any CPU
		{1AD04973-C7EA-45CF-915C-BB986D63A51C}.Release|Any CPU.ActiveCfg = Release|Any CPU
		{1AD04973-C7EA-45CF-915C-BB986D63A51C}.Release|Any CPU.Build.0 = Release|Any CPU
	EndGlobalSection
	GlobalSection(SolutionProperties) = preSolution
		HideSolutionNode = FALSE
	EndGlobalSection
	GlobalSection(ExtensibilityGlobals) = postSolution
		SolutionGuid = {1E5AAC7D-E0B6-4A78-8E56-A0E0C91B87F7}
	EndGlobalSection
EndGlobal
